
Microsoft Visual Studio Solution File, Format Version 12.00
# Visual Studio Version 16
VisualStudioVersion = 16.0.31911.196
MinimumVisualStudioVersion = 10.0.40219.1
Project("{FAE04EC0-301F-11D3-BF4B-00C04F79EFBC}") = "Primeiro", "Primeiro\Primeiro.csproj", "{0C5538A6-C0B6-42FA-A32E-751B18DE62BC}"
EndProject
Global
	GlobalSection(SolutionConfigurationPlatforms) = preSolution
		Debug|Any CPU = Debug|Any CPU
		Release|Any CPU = Release|Any CPU
	EndGlobalSection
	GlobalSection(ProjectConfigurationPlatforms) = postSolution
		{0C5538A6-C0B6-42FA-A32E-751B18DE62BC}.Debug|Any CPU.ActiveCfg = Debug|Any CPU
		{0C5538A6-C0B6-42FA-A32E-751B18DE62BC}.Debug|Any CPU.Build.0 = Debug|Any CPU
		{0C5538A6-C0B6-42FA-A32E-751B18DE62BC}.Release|Any CPU.ActiveCfg = Release|Any CPU
		{0C5538A6-C0B6-42FA-A32E-751B18DE62BC}.Release|Any CPU.Build.0 = Release|Any CPU
	EndGlobalSection
	GlobalSection(SolutionProperties) = preSolution
		HideSolutionNode = FALSE
	EndGlobalSection
	GlobalSection(ExtensibilityGlobals) = postSolution
		SolutionGuid = {75B809F2-4BB6-4C89-8CA8-109FE344C9E1}
	EndGlobalSection
EndGlobal
